// !$*UTF8*$!
{
	archiveVersion = 1;
	classes = {
	};
	objectVersion = 55;
	objects = {

/* Begin PBXBuildFile section */
		404BBFDD29B1A37300F95DD7 /* AddressView.swift in Sources */ = {isa = PBXBuildFile; fileRef = 404BBFDC29B1A37300F95DD7 /* AddressView.swift */; };
		404BBFE029B1B03700F95DD7 /* AddressModel.swift in Sources */ = {isa = PBXBuildFile; fileRef = 404BBFDF29B1B03700F95DD7 /* AddressModel.swift */; };
		40BF8FD329B248370070C80A /* FoodCardView.swift in Sources */ = {isa = PBXBuildFile; fileRef = 40BF8FD229B248370070C80A /* FoodCardView.swift */; };
		40BF8FD529B249120070C80A /* FoodModel.swift in Sources */ = {isa = PBXBuildFile; fileRef = 40BF8FD429B249120070C80A /* FoodModel.swift */; };
		40D825D029B1E66C00FB1528 /* ServiceView.swift in Sources */ = {isa = PBXBuildFile; fileRef = 40D825CF29B1E66C00FB1528 /* ServiceView.swift */; };
		40DB184229B081160088043C /* DelivereeApp.swift in Sources */ = {isa = PBXBuildFile; fileRef = 40DB184129B081160088043C /* DelivereeApp.swift */; };
		40DB184429B081160088043C /* ContentView.swift in Sources */ = {isa = PBXBuildFile; fileRef = 40DB184329B081160088043C /* ContentView.swift */; };
		40DB184629B081170088043C /* Assets.xcassets in Resources */ = {isa = PBXBuildFile; fileRef = 40DB184529B081170088043C /* Assets.xcassets */; };
		40DB184929B081170088043C /* Preview Assets.xcassets in Resources */ = {isa = PBXBuildFile; fileRef = 40DB184829B081170088043C /* Preview Assets.xcassets */; };
		40DB185129B082220088043C /* DelivereeSplashView.swift in Sources */ = {isa = PBXBuildFile; fileRef = 40DB185029B082220088043C /* DelivereeSplashView.swift */; };
		40E667C329B0A973000D1B35 /* CustomTabBar.swift in Sources */ = {isa = PBXBuildFile; fileRef = 40E667C229B0A973000D1B35 /* CustomTabBar.swift */; };
		40E667C529B0E8E0000D1B35 /* HomeView.swift in Sources */ = {isa = PBXBuildFile; fileRef = 40E667C429B0E8E0000D1B35 /* HomeView.swift */; };
		40E667CA29B0EAA0000D1B35 /* WalletView.swift in Sources */ = {isa = PBXBuildFile; fileRef = 40E667C929B0EAA0000D1B35 /* WalletView.swift */; };
		40E667CC29B0EAB7000D1B35 /* MessageView.swift in Sources */ = {isa = PBXBuildFile; fileRef = 40E667CB29B0EAB7000D1B35 /* MessageView.swift */; };
		40E667CE29B0EAC1000D1B35 /* ProfileView.swift in Sources */ = {isa = PBXBuildFile; fileRef = 40E667CD29B0EAC1000D1B35 /* ProfileView.swift */; };
		40FE121E29B2EE3800D1D6F1 /* FoodListView.swift in Sources */ = {isa = PBXBuildFile; fileRef = 40FE121D29B2EE3800D1D6F1 /* FoodListView.swift */; };
/* End PBXBuildFile section */

/* Begin PBXFileReference section */
		404BBFDC29B1A37300F95DD7 /* AddressView.swift */ = {isa = PBXFileReference; lastKnownFileType = sourcecode.swift; path = AddressView.swift; sourceTree = "<group>"; };
		404BBFDF29B1B03700F95DD7 /* AddressModel.swift */ = {isa = PBXFileReference; lastKnownFileType = sourcecode.swift; path = AddressModel.swift; sourceTree = "<group>"; };
		40BF8FD229B248370070C80A /* FoodCardView.swift */ = {isa = PBXFileReference; lastKnownFileType = sourcecode.swift; path = FoodCardView.swift; sourceTree = "<group>"; };
		40BF8FD429B249120070C80A /* FoodModel.swift */ = {isa = PBXFileReference; lastKnownFileType = sourcecode.swift; path = FoodModel.swift; sourceTree = "<group>"; };
		40D825CF29B1E66C00FB1528 /* ServiceView.swift */ = {isa = PBXFileReference; lastKnownFileType = sourcecode.swift; path = ServiceView.swift; sourceTree = "<group>"; };
		40DB183E29B081160088043C /* Deliveree.app */ = {isa = PBXFileReference; explicitFileType = wrapper.application; includeInIndex = 0; path = Deliveree.app; sourceTree = BUILT_PRODUCTS_DIR; };
		40DB184129B081160088043C /* DelivereeApp.swift */ = {isa = PBXFileReference; lastKnownFileType = sourcecode.swift; path = DelivereeApp.swift; sourceTree = "<group>"; };
		40DB184329B081160088043C /* ContentView.swift */ = {isa = PBXFileReference; lastKnownFileType = sourcecode.swift; path = ContentView.swift; sourceTree = "<group>"; };
		40DB184529B081170088043C /* Assets.xcassets */ = {isa = PBXFileReference; lastKnownFileType = folder.assetcatalog; path = Assets.xcassets; sourceTree = "<group>"; };
		40DB184829B081170088043C /* Preview Assets.xcassets */ = {isa = PBXFileReference; lastKnownFileType = folder.assetcatalog; path = "Preview Assets.xcassets"; sourceTree = "<group>"; };
		40DB185029B082220088043C /* DelivereeSplashView.swift */ = {isa = PBXFileReference; lastKnownFileType = sourcecode.swift; path = DelivereeSplashView.swift; sourceTree = "<group>"; };
		40E667C229B0A973000D1B35 /* CustomTabBar.swift */ = {isa = PBXFileReference; lastKnownFileType = sourcecode.swift; path = CustomTabBar.swift; sourceTree = "<group>"; };
		40E667C429B0E8E0000D1B35 /* HomeView.swift */ = {isa = PBXFileReference; lastKnownFileType = sourcecode.swift; path = HomeView.swift; sourceTree = "<group>"; };
		40E667C929B0EAA0000D1B35 /* WalletView.swift */ = {isa = PBXFileReference; lastKnownFileType = sourcecode.swift; path = WalletView.swift; sourceTree = "<group>"; };
		40E667CB29B0EAB7000D1B35 /* MessageView.swift */ = {isa = PBXFileReference; lastKnownFileType = sourcecode.swift; path = MessageView.swift; sourceTree = "<group>"; };
		40E667CD29B0EAC1000D1B35 /* ProfileView.swift */ = {isa = PBXFileReference; lastKnownFileType = sourcecode.swift; path = ProfileView.swift; sourceTree = "<group>"; };
		40FE121D29B2EE3800D1D6F1 /* FoodListView.swift */ = {isa = PBXFileReference; lastKnownFileType = sourcecode.swift; path = FoodListView.swift; sourceTree = "<group>"; };
/* End PBXFileReference section */

/* Begin PBXFrameworksBuildPhase section */
		40DB183B29B081160088043C /* Frameworks */ = {
			isa = PBXFrameworksBuildPhase;
			buildActionMask = 2147483647;
			files = (
			);
			runOnlyForDeploymentPostprocessing = 0;
		};
/* End PBXFrameworksBuildPhase section */

/* Begin PBXGroup section */
		404BBFDB29B1A28900F95DD7 /* AddressDropDown */ = {
			isa = PBXGroup;
			children = (
				404BBFDC29B1A37300F95DD7 /* AddressView.swift */,
			);
			path = AddressDropDown;
			sourceTree = "<group>";
		};
		404BBFDE29B1B01800F95DD7 /* Model */ = {
			isa = PBXGroup;
			children = (
				404BBFDF29B1B03700F95DD7 /* AddressModel.swift */,
				40BF8FD429B249120070C80A /* FoodModel.swift */,
			);
			path = Model;
			sourceTree = "<group>";
		};
		40BF8FD029B246B00070C80A /* ServiceView */ = {
			isa = PBXGroup;
			children = (
				40D825CF29B1E66C00FB1528 /* ServiceView.swift */,
			);
			path = ServiceView;
			sourceTree = "<group>";
		};
		40BF8FD129B246C00070C80A /* FoodCardView */ = {
			isa = PBXGroup;
			children = (
				40BF8FD229B248370070C80A /* FoodCardView.swift */,
			);
			path = FoodCardView;
			sourceTree = "<group>";
		};
		40DB183529B081160088043C = {
			isa = PBXGroup;
			children = (
				40DB184029B081160088043C /* Deliveree */,
				40DB183F29B081160088043C /* Products */,
			);
			sourceTree = "<group>";
		};
		40DB183F29B081160088043C /* Products */ = {
			isa = PBXGroup;
			children = (
				40DB183E29B081160088043C /* Deliveree.app */,
			);
			name = Products;
			sourceTree = "<group>";
		};
		40DB184029B081160088043C /* Deliveree */ = {
			isa = PBXGroup;
			children = (
				404BBFDE29B1B01800F95DD7 /* Model */,
				40DB184F29B081E00088043C /* Views */,
				40DB184129B081160088043C /* DelivereeApp.swift */,
				40DB184529B081170088043C /* Assets.xcassets */,
				40DB184729B081170088043C /* Preview Content */,
			);
			path = Deliveree;
			sourceTree = "<group>";
		};
		40DB184729B081170088043C /* Preview Content */ = {
			isa = PBXGroup;
			children = (
				40DB184829B081170088043C /* Preview Assets.xcassets */,
			);
			path = "Preview Content";
			sourceTree = "<group>";
		};
		40DB184F29B081E00088043C /* Views */ = {
			isa = PBXGroup;
			children = (
				40DB184329B081160088043C /* ContentView.swift */,
				40FE121C29B2EDFE00D1D6F1 /* FoodListView */,
				40BF8FD129B246C00070C80A /* FoodCardView */,
				40BF8FD029B246B00070C80A /* ServiceView */,
				404BBFDB29B1A28900F95DD7 /* AddressDropDown */,
				40E667C829B0EA63000D1B35 /* CustomTabbar */,
				40E667C729B0EA4C000D1B35 /* LaunchScreen */,
				40E667C629B0EA37000D1B35 /* TabbarView */,
			);
			path = Views;
			sourceTree = "<group>";
		};
		40E667C629B0EA37000D1B35 /* TabbarView */ = {
			isa = PBXGroup;
			children = (
				40E667C429B0E8E0000D1B35 /* HomeView.swift */,
				40E667C929B0EAA0000D1B35 /* WalletView.swift */,
				40E667CB29B0EAB7000D1B35 /* MessageView.swift */,
				40E667CD29B0EAC1000D1B35 /* ProfileView.swift */,
			);
			path = TabbarView;
			sourceTree = "<group>";
		};
		40E667C729B0EA4C000D1B35 /* LaunchScreen */ = {
			isa = PBXGroup;
			children = (
				40DB185029B082220088043C /* DelivereeSplashView.swift */,
			);
			path = LaunchScreen;
			sourceTree = "<group>";
		};
		40E667C829B0EA63000D1B35 /* CustomTabbar */ = {
			isa = PBXGroup;
			children = (
				40E667C229B0A973000D1B35 /* CustomTabBar.swift */,
			);
			path = CustomTabbar;
			sourceTree = "<group>";
		};
		40FE121C29B2EDFE00D1D6F1 /* FoodListView */ = {
			isa = PBXGroup;
			children = (
				40FE121D29B2EE3800D1D6F1 /* FoodListView.swift */,
			);
			path = FoodListView;
			sourceTree = "<group>";
		};
/* End PBXGroup section */

/* Begin PBXNativeTarget section */
		40DB183D29B081160088043C /* Deliveree */ = {
			isa = PBXNativeTarget;
			buildConfigurationList = 40DB184C29B081170088043C /* Build configuration list for PBXNativeTarget "Deliveree" */;
			buildPhases = (
				40DB183A29B081160088043C /* Sources */,
				40DB183B29B081160088043C /* Frameworks */,
				40DB183C29B081160088043C /* Resources */,
			);
			buildRules = (
			);
			dependencies = (
			);
			name = Deliveree;
			productName = Deliveree;
			productReference = 40DB183E29B081160088043C /* Deliveree.app */;
			productType = "com.apple.product-type.application";
		};
/* End PBXNativeTarget section */

/* Begin PBXProject section */
		40DB183629B081160088043C /* Project object */ = {
			isa = PBXProject;
			attributes = {
				BuildIndependentTargetsInParallel = 1;
				LastSwiftUpdateCheck = 1320;
				LastUpgradeCheck = 1320;
				TargetAttributes = {
					40DB183D29B081160088043C = {
						CreatedOnToolsVersion = 13.2;
					};
				};
			};
			buildConfigurationList = 40DB183929B081160088043C /* Build configuration list for PBXProject "Deliveree" */;
			compatibilityVersion = "Xcode 13.0";
			developmentRegion = en;
			hasScannedForEncodings = 0;
			knownRegions = (
				en,
				Base,
			);
			mainGroup = 40DB183529B081160088043C;
			productRefGroup = 40DB183F29B081160088043C /* Products */;
			projectDirPath = "";
			projectRoot = "";
			targets = (
				40DB183D29B081160088043C /* Deliveree */,
			);
		};
/* End PBXProject section */

/* Begin PBXResourcesBuildPhase section */
		40DB183C29B081160088043C /* Resources */ = {
			isa = PBXResourcesBuildPhase;
			buildActionMask = 2147483647;
			files = (
				40DB184929B081170088043C /* Preview Assets.xcassets in Resources */,
				40DB184629B081170088043C /* Assets.xcassets in Resources */,
			);
			runOnlyForDeploymentPostprocessing = 0;
		};
/* End PBXResourcesBuildPhase section */

/* Begin PBXSourcesBuildPhase section */
		40DB183A29B081160088043C /* Sources */ = {
			isa = PBXSourcesBuildPhase;
			buildActionMask = 2147483647;
			files = (
				40E667CE29B0EAC1000D1B35 /* ProfileView.swift in Sources */,
				40D825D029B1E66C00FB1528 /* ServiceView.swift in Sources */,
				40FE121E29B2EE3800D1D6F1 /* FoodListView.swift in Sources */,
				40BF8FD329B248370070C80A /* FoodCardView.swift in Sources */,
				40E667C329B0A973000D1B35 /* CustomTabBar.swift in Sources */,
				40DB184429B081160088043C /* ContentView.swift in Sources */,
				40DB185129B082220088043C /* DelivereeSplashView.swift in Sources */,
				404BBFE029B1B03700F95DD7 /* AddressModel.swift in Sources */,
				40E667C529B0E8E0000D1B35 /* HomeView.swift in Sources */,
				404BBFDD29B1A37300F95DD7 /* AddressView.swift in Sources */,
				40DB184229B081160088043C /* DelivereeApp.swift in Sources */,
				40BF8FD529B249120070C80A /* FoodModel.swift in Sources */,
				40E667CC29B0EAB7000D1B35 /* MessageView.swift in Sources */,
				40E667CA29B0EAA0000D1B35 /* WalletView.swift in Sources */,
			);
			runOnlyForDeploymentPostprocessing = 0;
		};
/* End PBXSourcesBuildPhase section */

/* Begin XCBuildConfiguration section */
		40DB184A29B081170088043C /* Debug */ = {
			isa = XCBuildConfiguration;
			buildSettings = {
				ALWAYS_SEARCH_USER_PATHS = NO;
				CLANG_ANALYZER_NONNULL = YES;
				CLANG_ANALYZER_NUMBER_OBJECT_CONVERSION = YES_AGGRESSIVE;
				CLANG_CXX_LANGUAGE_STANDARD = "gnu++17";
				CLANG_CXX_LIBRARY = "libc++";
				CLANG_ENABLE_MODULES = YES;
				CLANG_ENABLE_OBJC_ARC = YES;
				CLANG_ENABLE_OBJC_WEAK = YES;
				CLANG_WARN_BLOCK_CAPTURE_AUTORELEASING = YES;
				CLANG_WARN_BOOL_CONVERSION = YES;
				CLANG_WARN_COMMA = YES;
				CLANG_WARN_CONSTANT_CONVERSION = YES;
				CLANG_WARN_DEPRECATED_OBJC_IMPLEMENTATIONS = YES;
				CLANG_WARN_DIRECT_OBJC_ISA_USAGE = YES_ERROR;
				CLANG_WARN_DOCUMENTATION_COMMENTS = YES;
				CLANG_WARN_EMPTY_BODY = YES;
				CLANG_WARN_ENUM_CONVERSION = YES;
				CLANG_WARN_INFINITE_RECURSION = YES;
				CLANG_WARN_INT_CONVERSION = YES;
				CLANG_WARN_NON_LITERAL_NULL_CONVERSION = YES;
				CLANG_WARN_OBJC_IMPLICIT_RETAIN_SELF = YES;
				CLANG_WARN_OBJC_LITERAL_CONVERSION = YES;
				CLANG_WARN_OBJC_ROOT_CLASS = YES_ERROR;
				CLANG_WARN_QUOTED_INCLUDE_IN_FRAMEWORK_HEADER = YES;
				CLANG_WARN_RANGE_LOOP_ANALYSIS = YES;
				CLANG_WARN_STRICT_PROTOTYPES = YES;
				CLANG_WARN_SUSPICIOUS_MOVE = YES;
				CLANG_WARN_UNGUARDED_AVAILABILITY = YES_AGGRESSIVE;
				CLANG_WARN_UNREACHABLE_CODE = YES;
				CLANG_WARN__DUPLICATE_METHOD_MATCH = YES;
				COPY_PHASE_STRIP = NO;
				DEBUG_INFORMATION_FORMAT = dwarf;
				ENABLE_STRICT_OBJC_MSGSEND = YES;
				ENABLE_TESTABILITY = YES;
				GCC_C_LANGUAGE_STANDARD = gnu11;
				GCC_DYNAMIC_NO_PIC = NO;
				GCC_NO_COMMON_BLOCKS = YES;
				GCC_OPTIMIZATION_LEVEL = 0;
				GCC_PREPROCESSOR_DEFINITIONS = (
					"DEBUG=1",
					"$(inherited)",
				);
				GCC_WARN_64_TO_32_BIT_CONVERSION = YES;
				GCC_WARN_ABOUT_RETURN_TYPE = YES_ERROR;
				GCC_WARN_UNDECLARED_SELECTOR = YES;
				GCC_WARN_UNINITIALIZED_AUTOS = YES_AGGRESSIVE;
				GCC_WARN_UNUSED_FUNCTION = YES;
				GCC_WARN_UNUSED_VARIABLE = YES;
				IPHONEOS_DEPLOYMENT_TARGET = 15.2;
				MTL_ENABLE_DEBUG_INFO = INCLUDE_SOURCE;
				MTL_FAST_MATH = YES;
				ONLY_ACTIVE_ARCH = YES;
				SDKROOT = iphoneos;
				SWIFT_ACTIVE_COMPILATION_CONDITIONS = DEBUG;
				SWIFT_OPTIMIZATION_LEVEL = "-Onone";
			};
			name = Debug;
		};
		40DB184B29B081170088043C /* Release */ = {
			isa = XCBuildConfiguration;
			buildSettings = {
				ALWAYS_SEARCH_USER_PATHS = NO;
				CLANG_ANALYZER_NONNULL = YES;
				CLANG_ANALYZER_NUMBER_OBJECT_CONVERSION = YES_AGGRESSIVE;
				CLANG_CXX_LANGUAGE_STANDARD = "gnu++17";
				CLANG_CXX_LIBRARY = "libc++";
				CLANG_ENABLE_MODULES = YES;
				CLANG_ENABLE_OBJC_ARC = YES;
				CLANG_ENABLE_OBJC_WEAK = YES;
				CLANG_WARN_BLOCK_CAPTURE_AUTORELEASING = YES;
				CLANG_WARN_BOOL_CONVERSION = YES;
				CLANG_WARN_COMMA = YES;
				CLANG_WARN_CONSTANT_CONVERSION = YES;
				CLANG_WARN_DEPRECATED_OBJC_IMPLEMENTATIONS = YES;
				CLANG_WARN_DIRECT_OBJC_ISA_USAGE = YES_ERROR;
				CLANG_WARN_DOCUMENTATION_COMMENTS = YES;
				CLANG_WARN_EMPTY_BODY = YES;
				CLANG_WARN_ENUM_CONVERSION = YES;
				CLANG_WARN_INFINITE_RECURSION = YES;
				CLANG_WARN_INT_CONVERSION = YES;
				CLANG_WARN_NON_LITERAL_NULL_CONVERSION = YES;
				CLANG_WARN_OBJC_IMPLICIT_RETAIN_SELF = YES;
				CLANG_WARN_OBJC_LITERAL_CONVERSION = YES;
				CLANG_WARN_OBJC_ROOT_CLASS = YES_ERROR;
				CLANG_WARN_QUOTED_INCLUDE_IN_FRAMEWORK_HEADER = YES;
				CLANG_WARN_RANGE_LOOP_ANALYSIS = YES;
				CLANG_WARN_STRICT_PROTOTYPES = YES;
				CLANG_WARN_SUSPICIOUS_MOVE = YES;
				CLANG_WARN_UNGUARDED_AVAILABILITY = YES_AGGRESSIVE;
				CLANG_WARN_UNREACHABLE_CODE = YES;
				CLANG_WARN__DUPLICATE_METHOD_MATCH = YES;
				COPY_PHASE_STRIP = NO;
				DEBUG_INFORMATION_FORMAT = "dwarf-with-dsym";
				ENABLE_NS_ASSERTIONS = NO;
				ENABLE_STRICT_OBJC_MSGSEND = YES;
				GCC_C_LANGUAGE_STANDARD = gnu11;
				GCC_NO_COMMON_BLOCKS = YES;
				GCC_WARN_64_TO_32_BIT_CONVERSION = YES;
				GCC_WARN_ABOUT_RETURN_TYPE = YES_ERROR;
				GCC_WARN_UNDECLARED_SELECTOR = YES;
				GCC_WARN_UNINITIALIZED_AUTOS = YES_AGGRESSIVE;
				GCC_WARN_UNUSED_FUNCTION = YES;
				GCC_WARN_UNUSED_VARIABLE = YES;
				IPHONEOS_DEPLOYMENT_TARGET = 15.2;
				MTL_ENABLE_DEBUG_INFO = NO;
				MTL_FAST_MATH = YES;
				SDKROOT = iphoneos;
				SWIFT_COMPILATION_MODE = wholemodule;
				SWIFT_OPTIMIZATION_LEVEL = "-O";
				VALIDATE_PRODUCT = YES;
			};
			name = Release;
		};
		40DB184D29B081170088043C /* Debug */ = {
			isa = XCBuildConfiguration;
			buildSettings = {
				ASSETCATALOG_COMPILER_APPICON_NAME = AppIcon;
				ASSETCATALOG_COMPILER_GLOBAL_ACCENT_COLOR_NAME = AccentColor;
				CODE_SIGN_STYLE = Automatic;
				CURRENT_PROJECT_VERSION = 1;
				DEVELOPMENT_ASSET_PATHS = "\"Deliveree/Preview Content\"";
				DEVELOPMENT_TEAM = PKM7964NGD;
				ENABLE_PREVIEWS = YES;
				GENERATE_INFOPLIST_FILE = YES;
				INFOPLIST_KEY_UIApplicationSceneManifest_Generation = YES;
				INFOPLIST_KEY_UIApplicationSupportsIndirectInputEvents = YES;
				INFOPLIST_KEY_UILaunchScreen_Generation = YES;
				INFOPLIST_KEY_UISupportedInterfaceOrientations_iPad = "UIInterfaceOrientationPortrait UIInterfaceOrientationPortraitUpsideDown UIInterfaceOrientationLandscapeLeft UIInterfaceOrientationLandscapeRight";
				INFOPLIST_KEY_UISupportedInterfaceOrientations_iPhone = "UIInterfaceOrientationPortrait UIInterfaceOrientationLandscapeLeft UIInterfaceOrientationLandscapeRight";
				LD_RUNPATH_SEARCH_PATHS = (
					"$(inherited)",
					"@executable_path/Frameworks",
				);
				MARKETING_VERSION = 1.0;
				PRODUCT_BUNDLE_IDENTIFIER = shumkarbekbarpyev.Deliveree;
				PRODUCT_NAME = "$(TARGET_NAME)";
				SWIFT_EMIT_LOC_STRINGS = YES;
				SWIFT_VERSION = 5.0;
				TARGETED_DEVICE_FAMILY = "1,2";
			};
			name = Debug;
		};
		40DB184E29B081170088043C /* Release */ = {
			isa = XCBuildConfiguration;
			buildSettings = {
				ASSETCATALOG_COMPILER_APPICON_NAME = AppIcon;
				ASSETCATALOG_COMPILER_GLOBAL_ACCENT_COLOR_NAME = AccentColor;
				CODE_SIGN_STYLE = Automatic;
				CURRENT_PROJECT_VERSION = 1;
				DEVELOPMENT_ASSET_PATHS = "\"Deliveree/Preview Content\"";
				DEVELOPMENT_TEAM = PKM7964NGD;
				ENABLE_PREVIEWS = YES;
				GENERATE_INFOPLIST_FILE = YES;
				INFOPLIST_KEY_UIApplicationSceneManifest_Generation = YES;
				INFOPLIST_KEY_UIApplicationSupportsIndirectInputEvents = YES;
				INFOPLIST_KEY_UILaunchScreen_Generation = YES;
				INFOPLIST_KEY_UISupportedInterfaceOrientations_iPad = "UIInterfaceOrientationPortrait UIInterfaceOrientationPortraitUpsideDown UIInterfaceOrientationLandscapeLeft UIInterfaceOrientationLandscapeRight";
				INFOPLIST_KEY_UISupportedInterfaceOrientations_iPhone = "UIInterfaceOrientationPortrait UIInterfaceOrientationLandscapeLeft UIInterfaceOrientationLandscapeRight";
				LD_RUNPATH_SEARCH_PATHS = (
					"$(inherited)",
					"@executable_path/Frameworks",
				);
				MARKETING_VERSION = 1.0;
				PRODUCT_BUNDLE_IDENTIFIER = shumkarbekbarpyev.Deliveree;
				PRODUCT_NAME = "$(TARGET_NAME)";
				SWIFT_EMIT_LOC_STRINGS = YES;
				SWIFT_VERSION = 5.0;
				TARGETED_DEVICE_FAMILY = "1,2";
			};
			name = Release;
		};
/* End XCBuildConfiguration section */

/* Begin XCConfigurationList section */
		40DB183929B081160088043C /* Build configuration list for PBXProject "Deliveree" */ = {
			isa = XCConfigurationList;
			buildConfigurations = (
				40DB184A29B081170088043C /* Debug */,
				40DB184B29B081170088043C /* Release */,
			);
			defaultConfigurationIsVisible = 0;
			defaultConfigurationName = Release;
		};
		40DB184C29B081170088043C /* Build configuration list for PBXNativeTarget "Deliveree" */ = {
			isa = XCConfigurationList;
			buildConfigurations = (
				40DB184D29B081170088043C /* Debug */,
				40DB184E29B081170088043C /* Release */,
			);
			defaultConfigurationIsVisible = 0;
			defaultConfigurationName = Release;
		};
/* End XCConfigurationList section */
	};
	rootObject = 40DB183629B081160088043C /* Project object */;
}
